
Microsoft Visual Studio Solution File, Format Version 12.00
# Visual Studio Version 17
VisualStudioVersion = 17.10.34707.107
MinimumVisualStudioVersion = 10.0.40219.1
Project("{2150E333-8FDC-42A3-9474-1A3956D46DE8}") = "Source", "Source", "{0527EA1A-0566-4FE5-A44E-C8616F9941AD}"
EndProject
Project("{2150E333-8FDC-42A3-9474-1A3956D46DE8}") = "Backend", "Backend", "{ACDEE2D1-68E2-4B58-A7FC-8723498A5D26}"
EndProject
Project("{2150E333-8FDC-42A3-9474-1A3956D46DE8}") = "Platforms", "Platforms", "{4AC60CF0-FA25-4D40-B384-50F2DF15D113}"
EndProject
Project("{9A19103F-16F7-4668-BE54-9A1E7A4F7556}") = "TravelIt.DataContracts", "TravelIt.DataContracts\TravelIt.DataContracts.csproj", "{F72DD5CB-D9A7-451F-B1B5-E24ECF41F6A9}"
EndProject
Project("{9A19103F-16F7-4668-BE54-9A1E7A4F7556}") = "TravelIt", "TravelIt\TravelIt.csproj", "{122B33BC-DD41-458D-9735-0D99E8D11F9E}"
EndProject
Project("{9A19103F-16F7-4668-BE54-9A1E7A4F7556}") = "TravelIt.Wasm", "TravelIt.Wasm\TravelIt.Wasm.csproj", "{9B1FC59F-035F-41FF-A620-3830AE57EB51}"
EndProject
Project("{9A19103F-16F7-4668-BE54-9A1E7A4F7556}") = "TravelIt.Windows", "TravelIt.Windows\TravelIt.Windows.csproj", "{0D80B291-486E-466B-8A1A-57FFDC351DB6}"
EndProject
Project("{9A19103F-16F7-4668-BE54-9A1E7A4F7556}") = "TravelIt.Mobile", "TravelIt.Mobile\TravelIt.Mobile.csproj", "{65464D2D-7440-4600-B5C7-2DCA87719161}"
EndProject
Project("{9A19103F-16F7-4668-BE54-9A1E7A4F7556}") = "TravelIt.Shared", "TravelIt.Shared\TravelIt.Shared.csproj", "{11ABC3C2-673F-4BBA-9581-E29BA4F563A8}"
EndProject
Project("{9A19103F-16F7-4668-BE54-9A1E7A4F7556}") = "TravelIt.Server", "TravelIt.Server\TravelIt.Server.csproj", "{A5D07CA6-6F2B-48CD-8CC6-81BA12B85D5D}"
EndProject
Project("{2150E333-8FDC-42A3-9474-1A3956D46DE8}") = "Solution Items", "Solution Items", "{989B7C5E-75D3-4564-802F-F542E5EA1A9A}"
	ProjectSection(SolutionItems) = preProject
		.gitignore = .gitignore
		Directory.Build.props = Directory.Build.props
		Directory.Build.targets = Directory.Build.targets
		Directory.Packages.props = Directory.Packages.props
		solution-config.props.sample = solution-config.props.sample
	EndProjectSection
EndProject
Global
	GlobalSection(SolutionConfigurationPlatforms) = preSolution
		Debug|Any CPU = Debug|Any CPU
		Debug|arm64 = Debug|arm64
		Debug|x64 = Debug|x64
		Debug|x86 = Debug|x86
		Release|Any CPU = Release|Any CPU
		Release|arm64 = Release|arm64
		Release|x64 = Release|x64
		Release|x86 = Release|x86
	EndGlobalSection
	GlobalSection(ProjectConfigurationPlatforms) = postSolution
		{F72DD5CB-D9A7-451F-B1B5-E24ECF41F6A9}.Debug|Any CPU.ActiveCfg = Debug|Any CPU
		{F72DD5CB-D9A7-451F-B1B5-E24ECF41F6A9}.Debug|Any CPU.Build.0 = Debug|Any CPU
		{F72DD5CB-D9A7-451F-B1B5-E24ECF41F6A9}.Debug|arm64.ActiveCfg = Debug|Any CPU
		{F72DD5CB-D9A7-451F-B1B5-E24ECF41F6A9}.Debug|arm64.Build.0 = Debug|Any CPU
		{F72DD5CB-D9A7-451F-B1B5-E24ECF41F6A9}.Debug|x64.ActiveCfg = Debug|Any CPU
		{F72DD5CB-D9A7-451F-B1B5-E24ECF41F6A9}.Debug|x64.Build.0 = Debug|Any CPU
		{F72DD5CB-D9A7-451F-B1B5-E24ECF41F6A9}.Debug|x86.ActiveCfg = Debug|Any CPU
		{F72DD5CB-D9A7-451F-B1B5-E24ECF41F6A9}.Debug|x86.Build.0 = Debug|Any CPU
		{F72DD5CB-D9A7-451F-B1B5-E24ECF41F6A9}.Release|Any CPU.ActiveCfg = Release|Any CPU
		{F72DD5CB-D9A7-451F-B1B5-E24ECF41F6A9}.Release|Any CPU.Build.0 = Release|Any CPU
		{F72DD5CB-D9A7-451F-B1B5-E24ECF41F6A9}.Release|arm64.ActiveCfg = Release|Any CPU
		{F72DD5CB-D9A7-451F-B1B5-E24ECF41F6A9}.Release|arm64.Build.0 = Release|Any CPU
		{F72DD5CB-D9A7-451F-B1B5-E24ECF41F6A9}.Release|x64.ActiveCfg = Release|Any CPU
		{F72DD5CB-D9A7-451F-B1B5-E24ECF41F6A9}.Release|x64.Build.0 = Release|Any CPU
		{F72DD5CB-D9A7-451F-B1B5-E24ECF41F6A9}.Release|x86.ActiveCfg = Release|Any CPU
		{F72DD5CB-D9A7-451F-B1B5-E24ECF41F6A9}.Release|x86.Build.0 = Release|Any CPU
		{122B33BC-DD41-458D-9735-0D99E8D11F9E}.Debug|Any CPU.ActiveCfg = Debug|Any CPU
		{122B33BC-DD41-458D-9735-0D99E8D11F9E}.Debug|Any CPU.Build.0 = Debug|Any CPU
		{122B33BC-DD41-458D-9735-0D99E8D11F9E}.Debug|arm64.ActiveCfg = Debug|Any CPU
		{122B33BC-DD41-458D-9735-0D99E8D11F9E}.Debug|arm64.Build.0 = Debug|Any CPU
		{122B33BC-DD41-458D-9735-0D99E8D11F9E}.Debug|x64.ActiveCfg = Debug|Any CPU
		{122B33BC-DD41-458D-9735-0D99E8D11F9E}.Debug|x64.Build.0 = Debug|Any CPU
		{122B33BC-DD41-458D-9735-0D99E8D11F9E}.Debug|x86.ActiveCfg = Debug|Any CPU
		{122B33BC-DD41-458D-9735-0D99E8D11F9E}.Debug|x86.Build.0 = Debug|Any CPU
		{122B33BC-DD41-458D-9735-0D99E8D11F9E}.Release|Any CPU.ActiveCfg = Release|Any CPU
		{122B33BC-DD41-458D-9735-0D99E8D11F9E}.Release|Any CPU.Build.0 = Release|Any CPU
		{122B33BC-DD41-458D-9735-0D99E8D11F9E}.Release|arm64.ActiveCfg = Release|Any CPU
		{122B33BC-DD41-458D-9735-0D99E8D11F9E}.Release|arm64.Build.0 = Release|Any CPU
		{122B33BC-DD41-458D-9735-0D99E8D11F9E}.Release|x64.ActiveCfg = Release|Any CPU
		{122B33BC-DD41-458D-9735-0D99E8D11F9E}.Release|x64.Build.0 = Release|Any CPU
		{122B33BC-DD41-458D-9735-0D99E8D11F9E}.Release|x86.ActiveCfg = Release|Any CPU
		{122B33BC-DD41-458D-9735-0D99E8D11F9E}.Release|x86.Build.0 = Release|Any CPU
		{9B1FC59F-035F-41FF-A620-3830AE57EB51}.Debug|Any CPU.ActiveCfg = Debug|Any CPU
		{9B1FC59F-035F-41FF-A620-3830AE57EB51}.Debug|Any CPU.Build.0 = Debug|Any CPU
		{9B1FC59F-035F-41FF-A620-3830AE57EB51}.Debug|arm64.ActiveCfg = Debug|Any CPU
		{9B1FC59F-035F-41FF-A620-3830AE57EB51}.Debug|arm64.Build.0 = Debug|Any CPU
		{9B1FC59F-035F-41FF-A620-3830AE57EB51}.Debug|x64.ActiveCfg = Debug|Any CPU
		{9B1FC59F-035F-41FF-A620-3830AE57EB51}.Debug|x64.Build.0 = Debug|Any CPU
		{9B1FC59F-035F-41FF-A620-3830AE57EB51}.Debug|x86.ActiveCfg = Debug|Any CPU
		{9B1FC59F-035F-41FF-A620-3830AE57EB51}.Debug|x86.Build.0 = Debug|Any CPU
		{9B1FC59F-035F-41FF-A620-3830AE57EB51}.Release|Any CPU.ActiveCfg = Release|Any CPU
		{9B1FC59F-035F-41FF-A620-3830AE57EB51}.Release|Any CPU.Build.0 = Release|Any CPU
		{9B1FC59F-035F-41FF-A620-3830AE57EB51}.Release|arm64.ActiveCfg = Release|Any CPU
		{9B1FC59F-035F-41FF-A620-3830AE57EB51}.Release|arm64.Build.0 = Release|Any CPU
		{9B1FC59F-035F-41FF-A620-3830AE57EB51}.Release|x64.ActiveCfg = Release|Any CPU
		{9B1FC59F-035F-41FF-A620-3830AE57EB51}.Release|x64.Build.0 = Release|Any CPU
		{9B1FC59F-035F-41FF-A620-3830AE57EB51}.Release|x86.ActiveCfg = Release|Any CPU
		{9B1FC59F-035F-41FF-A620-3830AE57EB51}.Release|x86.Build.0 = Release|Any CPU
		{0D80B291-486E-466B-8A1A-57FFDC351DB6}.Debug|Any CPU.ActiveCfg = Debug|x64
		{0D80B291-486E-466B-8A1A-57FFDC351DB6}.Debug|Any CPU.Build.0 = Debug|x64
		{0D80B291-486E-466B-8A1A-57FFDC351DB6}.Debug|Any CPU.Deploy.0 = Debug|x64
		{0D80B291-486E-466B-8A1A-57FFDC351DB6}.Debug|arm64.ActiveCfg = Debug|arm64
		{0D80B291-486E-466B-8A1A-57FFDC351DB6}.Debug|arm64.Build.0 = Debug|arm64
		{0D80B291-486E-466B-8A1A-57FFDC351DB6}.Debug|arm64.Deploy.0 = Debug|arm64
		{0D80B291-486E-466B-8A1A-57FFDC351DB6}.Debug|x64.ActiveCfg = Debug|x64
		{0D80B291-486E-466B-8A1A-57FFDC351DB6}.Debug|x64.Build.0 = Debug|x64
		{0D80B291-486E-466B-8A1A-57FFDC351DB6}.Debug|x64.Deploy.0 = Debug|x64
		{0D80B291-486E-466B-8A1A-57FFDC351DB6}.Debug|x86.ActiveCfg = Debug|x86
		{0D80B291-486E-466B-8A1A-57FFDC351DB6}.Debug|x86.Build.0 = Debug|x86
		{0D80B291-486E-466B-8A1A-57FFDC351DB6}.Debug|x86.Deploy.0 = Debug|x86
		{0D80B291-486E-466B-8A1A-57FFDC351DB6}.Release|Any CPU.ActiveCfg = Release|x64
		{0D80B291-486E-466B-8A1A-57FFDC351DB6}.Release|Any CPU.Build.0 = Release|x64
		{0D80B291-486E-466B-8A1A-57FFDC351DB6}.Release|Any CPU.Deploy.0 = Release|x64
		{0D80B291-486E-466B-8A1A-57FFDC351DB6}.Release|arm64.ActiveCfg = Release|arm64
		{0D80B291-486E-466B-8A1A-57FFDC351DB6}.Release|arm64.Build.0 = Release|arm64
		{0D80B291-486E-466B-8A1A-57FFDC351DB6}.Release|arm64.Deploy.0 = Release|arm64
		{0D80B291-486E-466B-8A1A-57FFDC351DB6}.Release|x64.ActiveCfg = Release|x64
		{0D80B291-486E-466B-8A1A-57FFDC351DB6}.Release|x64.Build.0 = Release|x64
		{0D80B291-486E-466B-8A1A-57FFDC351DB6}.Release|x64.Deploy.0 = Release|x64
		{0D80B291-486E-466B-8A1A-57FFDC351DB6}.Release|x86.ActiveCfg = Release|x86
		{0D80B291-486E-466B-8A1A-57FFDC351DB6}.Release|x86.Build.0 = Release|x86
		{0D80B291-486E-466B-8A1A-57FFDC351DB6}.Release|x86.Deploy.0 = Release|x86
		{65464D2D-7440-4600-B5C7-2DCA87719161}.Debug|Any CPU.ActiveCfg = Debug|Any CPU
		{65464D2D-7440-4600-B5C7-2DCA87719161}.Debug|Any CPU.Build.0 = Debug|Any CPU
		{65464D2D-7440-4600-B5C7-2DCA87719161}.Debug|Any CPU.Deploy.0 = Debug|Any CPU
		{65464D2D-7440-4600-B5C7-2DCA87719161}.Debug|arm64.ActiveCfg = Debug|Any CPU
		{65464D2D-7440-4600-B5C7-2DCA87719161}.Debug|arm64.Build.0 = Debug|Any CPU
		{65464D2D-7440-4600-B5C7-2DCA87719161}.Debug|x64.ActiveCfg = Debug|Any CPU
		{65464D2D-7440-4600-B5C7-2DCA87719161}.Debug|x64.Build.0 = Debug|Any CPU
		{65464D2D-7440-4600-B5C7-2DCA87719161}.Debug|x86.ActiveCfg = Debug|Any CPU
		{65464D2D-7440-4600-B5C7-2DCA87719161}.Debug|x86.Build.0 = Debug|Any CPU
		{65464D2D-7440-4600-B5C7-2DCA87719161}.Release|Any CPU.ActiveCfg = Release|Any CPU
		{65464D2D-7440-4600-B5C7-2DCA87719161}.Release|Any CPU.Build.0 = Release|Any CPU
		{65464D2D-7440-4600-B5C7-2DCA87719161}.Release|Any CPU.Deploy.0 = Release|Any CPU
		{65464D2D-7440-4600-B5C7-2DCA87719161}.Release|arm64.ActiveCfg = Release|Any CPU
		{65464D2D-7440-4600-B5C7-2DCA87719161}.Release|arm64.Build.0 = Release|Any CPU
		{65464D2D-7440-4600-B5C7-2DCA87719161}.Release|x64.ActiveCfg = Release|Any CPU
		{65464D2D-7440-4600-B5C7-2DCA87719161}.Release|x64.Build.0 = Release|Any CPU
		{65464D2D-7440-4600-B5C7-2DCA87719161}.Release|x86.ActiveCfg = Release|Any CPU
		{65464D2D-7440-4600-B5C7-2DCA87719161}.Release|x86.Build.0 = Release|Any CPU
		{11ABC3C2-673F-4BBA-9581-E29BA4F563A8}.Debug|Any CPU.ActiveCfg = Debug|Any CPU
		{11ABC3C2-673F-4BBA-9581-E29BA4F563A8}.Debug|Any CPU.Build.0 = Debug|Any CPU
		{11ABC3C2-673F-4BBA-9581-E29BA4F563A8}.Debug|arm64.ActiveCfg = Debug|Any CPU
		{11ABC3C2-673F-4BBA-9581-E29BA4F563A8}.Debug|arm64.Build.0 = Debug|Any CPU
		{11ABC3C2-673F-4BBA-9581-E29BA4F563A8}.Debug|x64.ActiveCfg = Debug|Any CPU
		{11ABC3C2-673F-4BBA-9581-E29BA4F563A8}.Debug|x64.Build.0 = Debug|Any CPU
		{11ABC3C2-673F-4BBA-9581-E29BA4F563A8}.Debug|x86.ActiveCfg = Debug|Any CPU
		{11ABC3C2-673F-4BBA-9581-E29BA4F563A8}.Debug|x86.Build.0 = Debug|Any CPU
		{11ABC3C2-673F-4BBA-9581-E29BA4F563A8}.Release|Any CPU.ActiveCfg = Release|Any CPU
		{11ABC3C2-673F-4BBA-9581-E29BA4F563A8}.Release|Any CPU.Build.0 = Release|Any CPU
		{11ABC3C2-673F-4BBA-9581-E29BA4F563A8}.Release|arm64.ActiveCfg = Release|Any CPU
		{11ABC3C2-673F-4BBA-9581-E29BA4F563A8}.Release|arm64.Build.0 = Release|Any CPU
		{11ABC3C2-673F-4BBA-9581-E29BA4F563A8}.Release|x64.ActiveCfg = Release|Any CPU
		{11ABC3C2-673F-4BBA-9581-E29BA4F563A8}.Release|x64.Build.0 = Release|Any CPU
		{11ABC3C2-673F-4BBA-9581-E29BA4F563A8}.Release|x86.ActiveCfg = Release|Any CPU
		{11ABC3C2-673F-4BBA-9581-E29BA4F563A8}.Release|x86.Build.0 = Release|Any CPU
		{A5D07CA6-6F2B-48CD-8CC6-81BA12B85D5D}.Debug|Any CPU.ActiveCfg = Debug|Any CPU
		{A5D07CA6-6F2B-48CD-8CC6-81BA12B85D5D}.Debug|Any CPU.Build.0 = Debug|Any CPU
		{A5D07CA6-6F2B-48CD-8CC6-81BA12B85D5D}.Debug|arm64.ActiveCfg = Debug|Any CPU
		{A5D07CA6-6F2B-48CD-8CC6-81BA12B85D5D}.Debug|arm64.Build.0 = Debug|Any CPU
		{A5D07CA6-6F2B-48CD-8CC6-81BA12B85D5D}.Debug|x64.ActiveCfg = Debug|Any CPU
		{A5D07CA6-6F2B-48CD-8CC6-81BA12B85D5D}.Debug|x64.Build.0 = Debug|Any CPU
		{A5D07CA6-6F2B-48CD-8CC6-81BA12B85D5D}.Debug|x86.ActiveCfg = Debug|Any CPU
		{A5D07CA6-6F2B-48CD-8CC6-81BA12B85D5D}.Debug|x86.Build.0 = Debug|Any CPU
		{A5D07CA6-6F2B-48CD-8CC6-81BA12B85D5D}.Release|Any CPU.ActiveCfg = Release|Any CPU
		{A5D07CA6-6F2B-48CD-8CC6-81BA12B85D5D}.Release|Any CPU.Build.0 = Release|Any CPU
		{A5D07CA6-6F2B-48CD-8CC6-81BA12B85D5D}.Release|arm64.ActiveCfg = Release|Any CPU
		{A5D07CA6-6F2B-48CD-8CC6-81BA12B85D5D}.Release|arm64.Build.0 = Release|Any CPU
		{A5D07CA6-6F2B-48CD-8CC6-81BA12B85D5D}.Release|x64.ActiveCfg = Release|Any CPU
		{A5D07CA6-6F2B-48CD-8CC6-81BA12B85D5D}.Release|x64.Build.0 = Release|Any CPU
		{A5D07CA6-6F2B-48CD-8CC6-81BA12B85D5D}.Release|x86.ActiveCfg = Release|Any CPU
		{A5D07CA6-6F2B-48CD-8CC6-81BA12B85D5D}.Release|x86.Build.0 = Release|Any CPU
	EndGlobalSection
	GlobalSection(SolutionProperties) = preSolution
		HideSolutionNode = FALSE
	EndGlobalSection
	GlobalSection(NestedProjects) = preSolution
		{ACDEE2D1-68E2-4B58-A7FC-8723498A5D26} = {0527EA1A-0566-4FE5-A44E-C8616F9941AD}
		{4AC60CF0-FA25-4D40-B384-50F2DF15D113} = {0527EA1A-0566-4FE5-A44E-C8616F9941AD}
		{F72DD5CB-D9A7-451F-B1B5-E24ECF41F6A9} = {0527EA1A-0566-4FE5-A44E-C8616F9941AD}
		{122B33BC-DD41-458D-9735-0D99E8D11F9E} = {0527EA1A-0566-4FE5-A44E-C8616F9941AD}
		{9B1FC59F-035F-41FF-A620-3830AE57EB51} = {4AC60CF0-FA25-4D40-B384-50F2DF15D113}
		{0D80B291-486E-466B-8A1A-57FFDC351DB6} = {4AC60CF0-FA25-4D40-B384-50F2DF15D113}
		{65464D2D-7440-4600-B5C7-2DCA87719161} = {4AC60CF0-FA25-4D40-B384-50F2DF15D113}
		{11ABC3C2-673F-4BBA-9581-E29BA4F563A8} = {4AC60CF0-FA25-4D40-B384-50F2DF15D113}
		{A5D07CA6-6F2B-48CD-8CC6-81BA12B85D5D} = {ACDEE2D1-68E2-4B58-A7FC-8723498A5D26}
	EndGlobalSection
	GlobalSection(ExtensibilityGlobals) = postSolution
		SolutionGuid = {AC76DA7D-778B-4C51-A390-C936DC1E37AF}
	EndGlobalSection
EndGlobal
