Microsoft Visual Studio Solution File, Format Version 12.00
# Visual Studio Version 17
VisualStudioVersion = 17.9.34511.98
MinimumVisualStudioVersion = 10.0.40219.1
Project("{FAE04EC0-301F-11D3-BF4B-00C04F79EFBC}") = "CodeBrew.Travel.AppHost", "CodeBrew.Travel.AppHost\CodeBrew.Travel.AppHost.csproj", "{8CEB495E-1AAD-4BC5-A2BA-F12E1E3D93B4}"
EndProject
Project("{9A19103F-16F7-4668-BE54-9A1E7A4F7556}") = "CodeBrew.Travel.ServiceDefaults", "CodeBrew.Travel.ServiceDefaults\CodeBrew.Travel.ServiceDefaults.csproj", "{C53FF5C5-C043-41DC-9333-A171E5ED87ED}"
EndProject
Global
	GlobalSection(SolutionConfigurationPlatforms) = preSolution
		Debug|Any CPU = Debug|Any CPU
		Release|Any CPU = Release|Any CPU
	EndGlobalSection
	GlobalSection(ProjectConfigurationPlatforms) = postSolution
		{8CEB495E-1AAD-4BC5-A2BA-F12E1E3D93B4}.Debug|Any CPU.ActiveCfg = Debug|Any CPU
		{8CEB495E-1AAD-4BC5-A2BA-F12E1E3D93B4}.Debug|Any CPU.Build.0 = Debug|Any CPU
		{8CEB495E-1AAD-4BC5-A2BA-F12E1E3D93B4}.Release|Any CPU.ActiveCfg = Release|Any CPU
		{8CEB495E-1AAD-4BC5-A2BA-F12E1E3D93B4}.Release|Any CPU.Build.0 = Release|Any CPU
		{C53FF5C5-C043-41DC-9333-A171E5ED87ED}.Debug|Any CPU.ActiveCfg = Debug|Any CPU
		{C53FF5C5-C043-41DC-9333-A171E5ED87ED}.Debug|Any CPU.Build.0 = Debug|Any CPU
		{C53FF5C5-C043-41DC-9333-A171E5ED87ED}.Release|Any CPU.ActiveCfg = Release|Any CPU
		{C53FF5C5-C043-41DC-9333-A171E5ED87ED}.Release|Any CPU.Build.0 = Release|Any CPU
	EndGlobalSection
	GlobalSection(SolutionProperties) = preSolution
		HideSolutionNode = FALSE
	EndGlobalSection
	GlobalSection(ExtensibilityGlobals) = postSolution
		SolutionGuid = {9CEFF457-3DC1-4E39-B8A6-401FB9B868CC}
	EndGlobalSection
EndGlobal
