Microsoft Visual Studio Solution File, Format Version 12.00
# Visual Studio Version 17
VisualStudioVersion = 17.9.34511.98
MinimumVisualStudioVersion = 10.0.40219.1
Project("{9A19103F-16F7-4668-BE54-9A1E7A4F7556}") = "CodeBrew.AppHost", "CodeBrew.AppHost\CodeBrew.AppHost.csproj", "{B32FAEEB-3BE7-44AC-BCF3-711CEDF7BA75}"
EndProject
Project("{9A19103F-16F7-4668-BE54-9A1E7A4F7556}") = "CodeBrew.ServiceDefaults", "CodeBrew.ServiceDefaults\CodeBrew.ServiceDefaults.csproj", "{6AB1D7EA-D9F3-4DAA-A9D4-8333EE1ACD25}"
EndProject
Project("{2150E333-8FDC-42A3-9474-1A3956D46DE8}") = "Api", "Api", "{89EA65E5-21D9-4B95-8F9F-CCCC20BE4AAA}"
EndProject
Project("{2150E333-8FDC-42A3-9474-1A3956D46DE8}") = "Web", "Web", "{0ED98D73-68DE-4BE4-9B88-7EE949CED9B3}"
EndProject
Project("{2150E333-8FDC-42A3-9474-1A3956D46DE8}") = "Mobile", "Mobile", "{68535E0B-6D15-418F-94DB-624CEE3563BB}"
EndProject
Project("{2150E333-8FDC-42A3-9474-1A3956D46DE8}") = "Providers", "Providers", "{9B2DC7B6-ED58-4E77-AC22-A9E3E269A744}"
EndProject
Project("{9A19103F-16F7-4668-BE54-9A1E7A4F7556}") = "CodeBrew.Maps.Google", "CodeBrew.Maps.Google\CodeBrew.Maps.Google.csproj", "{777CFB82-EA28-40D2-A9FD-AC40CF764D95}"
EndProject
Project("{9A19103F-16F7-4668-BE54-9A1E7A4F7556}") = "CodeBrew.Maps.Bing", "CodeBrew.Maps.Bing\CodeBrew.Maps.Bing.csproj", "{75E2FE58-1638-4A1D-86AD-9764F382FD7F}"
EndProject
Project("{2150E333-8FDC-42A3-9474-1A3956D46DE8}") = "Common", "Common", "{AD123EB7-3288-4CD4-AABC-F42263BBC70D}"
EndProject
Project("{9A19103F-16F7-4668-BE54-9A1E7A4F7556}") = "CodeBrew.Common.Http", "CodeBrew.Common.Http\CodeBrew.Common.Http.csproj", "{24E6ACB7-B94E-4568-BCE3-77C1B2BBEA77}"
EndProject
Project("{9A19103F-16F7-4668-BE54-9A1E7A4F7556}") = "CodeBrew.Common", "CodeBrew.Common\CodeBrew.Common.csproj", "{0ADEB6B7-A750-430D-BCE0-1E2111B734D1}"
EndProject
Project("{9A19103F-16F7-4668-BE54-9A1E7A4F7556}") = "CodeBrew.LetsTravelIt.Api", "CodeBrew.LetsTravelIt.Api\CodeBrew.LetsTravelIt.Api.csproj", "{A002B215-2FFC-44E0-AB92-3411D2F14927}"
EndProject
Project("{2150E333-8FDC-42A3-9474-1A3956D46DE8}") = "Shared", "Shared", "{0D81CF38-1710-42D9-BD90-7AAD5400D8BB}"
EndProject
Project("{9A19103F-16F7-4668-BE54-9A1E7A4F7556}") = "CodeBrew.LetsTravelIt.Shared.Models", "CodeBrew.LetsTravelIt.Shared.Models\CodeBrew.LetsTravelIt.Shared.Models.csproj", "{0958F5A4-0589-4BE3-A913-A3727A7F4EB8}"
EndProject
Project("{9A19103F-16F7-4668-BE54-9A1E7A4F7556}") = "CodeBrew.LetsTravelIt.Api.Models", "CodeBrew.LetsTravelIt.Api.Models\CodeBrew.LetsTravelIt.Api.Models.csproj", "{8C78ED06-0DF4-4D61-B84D-FD7DA5D7645D}"
EndProject
Project("{2150E333-8FDC-42A3-9474-1A3956D46DE8}") = "Tests", "Tests", "{4EC18394-ED21-4FEB-B128-C22A8BE0C736}"
EndProject
Project("{9A19103F-16F7-4668-BE54-9A1E7A4F7556}") = "CodeBrew.Common.Models", "CodeBrew.Common.Models\CodeBrew.Common.Models.csproj", "{59859F80-18B5-48BE-88B4-D52FB02440E0}"
EndProject
Project("{FAE04EC0-301F-11D3-BF4B-00C04F79EFBC}") = "CodeBrew.Maps.Google.Tests", "CodeBrew.Maps.Google.Tests\CodeBrew.Maps.Google.Tests.csproj", "{E5A173A7-022C-4B82-AED7-421E7EF071E7}"
EndProject
Global
	GlobalSection(SolutionConfigurationPlatforms) = preSolution
		Debug|Any CPU = Debug|Any CPU
		Release|Any CPU = Release|Any CPU
	EndGlobalSection
	GlobalSection(ProjectConfigurationPlatforms) = postSolution
		{B32FAEEB-3BE7-44AC-BCF3-711CEDF7BA75}.Debug|Any CPU.ActiveCfg = Debug|Any CPU
		{B32FAEEB-3BE7-44AC-BCF3-711CEDF7BA75}.Debug|Any CPU.Build.0 = Debug|Any CPU
		{B32FAEEB-3BE7-44AC-BCF3-711CEDF7BA75}.Release|Any CPU.ActiveCfg = Release|Any CPU
		{B32FAEEB-3BE7-44AC-BCF3-711CEDF7BA75}.Release|Any CPU.Build.0 = Release|Any CPU
		{6AB1D7EA-D9F3-4DAA-A9D4-8333EE1ACD25}.Debug|Any CPU.ActiveCfg = Debug|Any CPU
		{6AB1D7EA-D9F3-4DAA-A9D4-8333EE1ACD25}.Debug|Any CPU.Build.0 = Debug|Any CPU
		{6AB1D7EA-D9F3-4DAA-A9D4-8333EE1ACD25}.Release|Any CPU.ActiveCfg = Release|Any CPU
		{6AB1D7EA-D9F3-4DAA-A9D4-8333EE1ACD25}.Release|Any CPU.Build.0 = Release|Any CPU
		{777CFB82-EA28-40D2-A9FD-AC40CF764D95}.Debug|Any CPU.ActiveCfg = Debug|Any CPU
		{777CFB82-EA28-40D2-A9FD-AC40CF764D95}.Debug|Any CPU.Build.0 = Debug|Any CPU
		{777CFB82-EA28-40D2-A9FD-AC40CF764D95}.Release|Any CPU.ActiveCfg = Release|Any CPU
		{777CFB82-EA28-40D2-A9FD-AC40CF764D95}.Release|Any CPU.Build.0 = Release|Any CPU
		{75E2FE58-1638-4A1D-86AD-9764F382FD7F}.Debug|Any CPU.ActiveCfg = Debug|Any CPU
		{75E2FE58-1638-4A1D-86AD-9764F382FD7F}.Debug|Any CPU.Build.0 = Debug|Any CPU
		{75E2FE58-1638-4A1D-86AD-9764F382FD7F}.Release|Any CPU.ActiveCfg = Release|Any CPU
		{75E2FE58-1638-4A1D-86AD-9764F382FD7F}.Release|Any CPU.Build.0 = Release|Any CPU
		{24E6ACB7-B94E-4568-BCE3-77C1B2BBEA77}.Debug|Any CPU.ActiveCfg = Debug|Any CPU
		{24E6ACB7-B94E-4568-BCE3-77C1B2BBEA77}.Debug|Any CPU.Build.0 = Debug|Any CPU
		{24E6ACB7-B94E-4568-BCE3-77C1B2BBEA77}.Release|Any CPU.ActiveCfg = Release|Any CPU
		{24E6ACB7-B94E-4568-BCE3-77C1B2BBEA77}.Release|Any CPU.Build.0 = Release|Any CPU
		{0ADEB6B7-A750-430D-BCE0-1E2111B734D1}.Debug|Any CPU.ActiveCfg = Debug|Any CPU
		{0ADEB6B7-A750-430D-BCE0-1E2111B734D1}.Debug|Any CPU.Build.0 = Debug|Any CPU
		{0ADEB6B7-A750-430D-BCE0-1E2111B734D1}.Release|Any CPU.ActiveCfg = Release|Any CPU
		{0ADEB6B7-A750-430D-BCE0-1E2111B734D1}.Release|Any CPU.Build.0 = Release|Any CPU
		{A002B215-2FFC-44E0-AB92-3411D2F14927}.Debug|Any CPU.ActiveCfg = Debug|Any CPU
		{A002B215-2FFC-44E0-AB92-3411D2F14927}.Debug|Any CPU.Build.0 = Debug|Any CPU
		{A002B215-2FFC-44E0-AB92-3411D2F14927}.Release|Any CPU.ActiveCfg = Release|Any CPU
		{A002B215-2FFC-44E0-AB92-3411D2F14927}.Release|Any CPU.Build.0 = Release|Any CPU
		{0958F5A4-0589-4BE3-A913-A3727A7F4EB8}.Debug|Any CPU.ActiveCfg = Debug|Any CPU
		{0958F5A4-0589-4BE3-A913-A3727A7F4EB8}.Debug|Any CPU.Build.0 = Debug|Any CPU
		{0958F5A4-0589-4BE3-A913-A3727A7F4EB8}.Release|Any CPU.ActiveCfg = Release|Any CPU
		{0958F5A4-0589-4BE3-A913-A3727A7F4EB8}.Release|Any CPU.Build.0 = Release|Any CPU
		{8C78ED06-0DF4-4D61-B84D-FD7DA5D7645D}.Debug|Any CPU.ActiveCfg = Debug|Any CPU
		{8C78ED06-0DF4-4D61-B84D-FD7DA5D7645D}.Debug|Any CPU.Build.0 = Debug|Any CPU
		{8C78ED06-0DF4-4D61-B84D-FD7DA5D7645D}.Release|Any CPU.ActiveCfg = Release|Any CPU
		{8C78ED06-0DF4-4D61-B84D-FD7DA5D7645D}.Release|Any CPU.Build.0 = Release|Any CPU
		{59859F80-18B5-48BE-88B4-D52FB02440E0}.Debug|Any CPU.ActiveCfg = Debug|Any CPU
		{59859F80-18B5-48BE-88B4-D52FB02440E0}.Debug|Any CPU.Build.0 = Debug|Any CPU
		{59859F80-18B5-48BE-88B4-D52FB02440E0}.Release|Any CPU.ActiveCfg = Release|Any CPU
		{59859F80-18B5-48BE-88B4-D52FB02440E0}.Release|Any CPU.Build.0 = Release|Any CPU
		{E5A173A7-022C-4B82-AED7-421E7EF071E7}.Debug|Any CPU.ActiveCfg = Debug|Any CPU
		{E5A173A7-022C-4B82-AED7-421E7EF071E7}.Debug|Any CPU.Build.0 = Debug|Any CPU
		{E5A173A7-022C-4B82-AED7-421E7EF071E7}.Release|Any CPU.ActiveCfg = Release|Any CPU
		{E5A173A7-022C-4B82-AED7-421E7EF071E7}.Release|Any CPU.Build.0 = Release|Any CPU
	EndGlobalSection
	GlobalSection(SolutionProperties) = preSolution
		HideSolutionNode = FALSE
	EndGlobalSection
	GlobalSection(NestedProjects) = preSolution
		{777CFB82-EA28-40D2-A9FD-AC40CF764D95} = {9B2DC7B6-ED58-4E77-AC22-A9E3E269A744}
		{75E2FE58-1638-4A1D-86AD-9764F382FD7F} = {9B2DC7B6-ED58-4E77-AC22-A9E3E269A744}
		{AD123EB7-3288-4CD4-AABC-F42263BBC70D} = {9B2DC7B6-ED58-4E77-AC22-A9E3E269A744}
		{24E6ACB7-B94E-4568-BCE3-77C1B2BBEA77} = {AD123EB7-3288-4CD4-AABC-F42263BBC70D}
		{0ADEB6B7-A750-430D-BCE0-1E2111B734D1} = {AD123EB7-3288-4CD4-AABC-F42263BBC70D}
		{A002B215-2FFC-44E0-AB92-3411D2F14927} = {89EA65E5-21D9-4B95-8F9F-CCCC20BE4AAA}
		{0958F5A4-0589-4BE3-A913-A3727A7F4EB8} = {0D81CF38-1710-42D9-BD90-7AAD5400D8BB}
		{8C78ED06-0DF4-4D61-B84D-FD7DA5D7645D} = {0D81CF38-1710-42D9-BD90-7AAD5400D8BB}
		{59859F80-18B5-48BE-88B4-D52FB02440E0} = {AD123EB7-3288-4CD4-AABC-F42263BBC70D}
		{E5A173A7-022C-4B82-AED7-421E7EF071E7} = {4EC18394-ED21-4FEB-B128-C22A8BE0C736}
	EndGlobalSection
	GlobalSection(ExtensibilityGlobals) = postSolution
		SolutionGuid = {6D9F1F1F-A984-41FD-BC83-D6B8BD3D5869}
	EndGlobalSection
EndGlobal
